
Microsoft Visual Studio Solution File, Format Version 12.00
# Visual Studio Version 17
VisualStudioVersion = 17.10.35004.147
MinimumVisualStudioVersion = 10.0.40219.1
Project("{9A19103F-16F7-4668-BE54-9A1E7A4F7556}") = "Core.DesignPatternsWeb", "Core.DesignPatternsWeb\Core.DesignPatternsWeb.csproj", "{B69648D2-E2F3-44D5-919D-1E9DE555FD22}"
EndProject
Project("{2150E333-8FDC-42A3-9474-1A3956D46DE8}") = "CreationalDesignPatterns", "CreationalDesignPatterns", "{DDA8BC95-7EAE-4287-AEB2-6C8FEA55823B}"
EndProject
Project("{2150E333-8FDC-42A3-9474-1A3956D46DE8}") = "StructuralDesignPatterns", "StructuralDesignPatterns", "{F31B4722-390E-4706-A967-CC887530B076}"
EndProject
Project("{2150E333-8FDC-42A3-9474-1A3956D46DE8}") = "BehavioralDesignPatterns", "BehavioralDesignPatterns", "{4328546C-52F3-4224-B448-BA5EDD2F5951}"
EndProject
Project("{FAE04EC0-301F-11D3-BF4B-00C04F79EFBC}") = "IteratorPattern", "BehavioralDesignPatterns\IteratorPattern\IteratorPattern.csproj", "{074053E3-9919-4C42-BA61-83A8B75F12F0}"
EndProject
Global
	GlobalSection(SolutionConfigurationPlatforms) = preSolution
		Debug|Any CPU = Debug|Any CPU
		Release|Any CPU = Release|Any CPU
	EndGlobalSection
	GlobalSection(ProjectConfigurationPlatforms) = postSolution
		{B69648D2-E2F3-44D5-919D-1E9DE555FD22}.Debug|Any CPU.ActiveCfg = Debug|Any CPU
		{B69648D2-E2F3-44D5-919D-1E9DE555FD22}.Debug|Any CPU.Build.0 = Debug|Any CPU
		{B69648D2-E2F3-44D5-919D-1E9DE555FD22}.Release|Any CPU.ActiveCfg = Release|Any CPU
		{B69648D2-E2F3-44D5-919D-1E9DE555FD22}.Release|Any CPU.Build.0 = Release|Any CPU
		{074053E3-9919-4C42-BA61-83A8B75F12F0}.Debug|Any CPU.ActiveCfg = Debug|Any CPU
		{074053E3-9919-4C42-BA61-83A8B75F12F0}.Debug|Any CPU.Build.0 = Debug|Any CPU
		{074053E3-9919-4C42-BA61-83A8B75F12F0}.Release|Any CPU.ActiveCfg = Release|Any CPU
		{074053E3-9919-4C42-BA61-83A8B75F12F0}.Release|Any CPU.Build.0 = Release|Any CPU
	EndGlobalSection
	GlobalSection(SolutionProperties) = preSolution
		HideSolutionNode = FALSE
	EndGlobalSection
	GlobalSection(NestedProjects) = preSolution
		{074053E3-9919-4C42-BA61-83A8B75F12F0} = {4328546C-52F3-4224-B448-BA5EDD2F5951}
	EndGlobalSection
	GlobalSection(ExtensibilityGlobals) = postSolution
		SolutionGuid = {8DAA14C0-47F5-457A-A19D-94E7FAAA0765}
	EndGlobalSection
EndGlobal
